// !$*UTF8*$!
{
	archiveVersion = 1;
	classes = {
	};
	objectVersion = 50;
	objects = {

/* Begin PBXBuildFile section */
		9BE8C60B2416F58600D0A237 /* Person.swift in Sources */ = {isa = PBXBuildFile; fileRef = 9BE8C60A2416F58600D0A237 /* Person.swift */; };
		9BE8C60D2416F5D000D0A237 /* Customer.swift in Sources */ = {isa = PBXBuildFile; fileRef = 9BE8C60C2416F5D000D0A237 /* Customer.swift */; };
		9BE8C60F2416F61000D0A237 /* Driver.swift in Sources */ = {isa = PBXBuildFile; fileRef = 9BE8C60E2416F61000D0A237 /* Driver.swift */; };
		9BE8C6112416F67A00D0A237 /* Owner.swift in Sources */ = {isa = PBXBuildFile; fileRef = 9BE8C6102416F67A00D0A237 /* Owner.swift */; };
		9BE8C6362416F71200D0A237 /* Vehicle.swift in Sources */ = {isa = PBXBuildFile; fileRef = 9BE8C6352416F71200D0A237 /* Vehicle.swift */; };
		9BE8C6382416F75700D0A237 /* Car.swift in Sources */ = {isa = PBXBuildFile; fileRef = 9BE8C6372416F75700D0A237 /* Car.swift */; };
		9BE8C63A2416F89F00D0A237 /* MotoCycle.swift in Sources */ = {isa = PBXBuildFile; fileRef = 9BE8C6392416F89F00D0A237 /* MotoCycle.swift */; };
		9BE8C63E2417034500D0A237 /* VehicleType.swift in Sources */ = {isa = PBXBuildFile; fileRef = 9BE8C63D2417034500D0A237 /* VehicleType.swift */; };
		9BE8C641241703CA00D0A237 /* VehicleRent.swift in Sources */ = {isa = PBXBuildFile; fileRef = 9BE8C640241703CA00D0A237 /* VehicleRent.swift */; };
		9BE8C6442417046B00D0A237 /* IDisplay.swift in Sources */ = {isa = PBXBuildFile; fileRef = 9BE8C6432417046B00D0A237 /* IDisplay.swift */; };
		9BE8C646241704B700D0A237 /* DataSource.swift in Sources */ = {isa = PBXBuildFile; fileRef = 9BE8C645241704B700D0A237 /* DataSource.swift */; };
		9BE8C6492417060300D0A237 /* BaseCustomerM.swift in Sources */ = {isa = PBXBuildFile; fileRef = 9BE8C6482417060300D0A237 /* BaseCustomerM.swift */; };
		9BE8C64B2417061600D0A237 /* PersonM.swift in Sources */ = {isa = PBXBuildFile; fileRef = 9BE8C64A2417061600D0A237 /* PersonM.swift */; };
		9BE8C64D2417064800D0A237 /* VehicleM.swift in Sources */ = {isa = PBXBuildFile; fileRef = 9BE8C64C2417064800D0A237 /* VehicleM.swift */; };
		9BE8C64F2417067F00D0A237 /* VehicleRentM.swift in Sources */ = {isa = PBXBuildFile; fileRef = 9BE8C64E2417067F00D0A237 /* VehicleRentM.swift */; };
		9BE8C654241706CB00D0A237 /* CustomerErrors.swift in Sources */ = {isa = PBXBuildFile; fileRef = 9BE8C653241706CB00D0A237 /* CustomerErrors.swift */; };
		9BE8C6572417076700D0A237 /* Date+Extension.swift in Sources */ = {isa = PBXBuildFile; fileRef = 9BE8C6562417076700D0A237 /* Date+Extension.swift */; };
		9BE8C6592417079A00D0A237 /* Int+Extension.swift in Sources */ = {isa = PBXBuildFile; fileRef = 9BE8C6582417079A00D0A237 /* Int+Extension.swift */; };
		9BE8C65B2417080900D0A237 /* String+Extension.swift in Sources */ = {isa = PBXBuildFile; fileRef = 9BE8C65A2417080900D0A237 /* String+Extension.swift */; };
		CA15591D2423E94B0049C171 /* Bus.swift in Sources */ = {isa = PBXBuildFile; fileRef = CA15591C2423E94B0049C171 /* Bus.swift */; };
		CE19E3C4242C4306001AB04B /* VehiclelistVC.swift in Sources */ = {isa = PBXBuildFile; fileRef = CE19E3C3242C4306001AB04B /* VehiclelistVC.swift */; };
		CE19E3C6242C4A52001AB04B /* AddVehicleVC.swift in Sources */ = {isa = PBXBuildFile; fileRef = CE19E3C5242C4A52001AB04B /* AddVehicleVC.swift */; };
		CE19E3C8242C4B11001AB04B /* VehicleListTVC.swift in Sources */ = {isa = PBXBuildFile; fileRef = CE19E3C7242C4B11001AB04B /* VehicleListTVC.swift */; };
		CE357349242582FD00025729 /* SignUp.swift in Sources */ = {isa = PBXBuildFile; fileRef = CE357348242582FD00025729 /* SignUp.swift */; };
		CE35734B242583B400025729 /* Home.storyboard in Resources */ = {isa = PBXBuildFile; fileRef = CE35734A242583B400025729 /* Home.storyboard */; };
		CE35734D2425845B00025729 /* HomeViewController.swift in Sources */ = {isa = PBXBuildFile; fileRef = CE35734C2425845B00025729 /* HomeViewController.swift */; };
		CE35BCB824282F8E005A5BAF /* Customer.json in Resources */ = {isa = PBXBuildFile; fileRef = CE35BCB724282F8E005A5BAF /* Customer.json */; };
		CE35BCBA242831C4005A5BAF /* CustomerListVC.swift in Sources */ = {isa = PBXBuildFile; fileRef = CE35BCB9242831C4005A5BAF /* CustomerListVC.swift */; };
		CE35BCBC2428372E005A5BAF /* Singelton.swift in Sources */ = {isa = PBXBuildFile; fileRef = CE35BCBB2428372E005A5BAF /* Singelton.swift */; };
		CE35BCBE24283C1C005A5BAF /* CustomersVM.swift in Sources */ = {isa = PBXBuildFile; fileRef = CE35BCBD24283C1C005A5BAF /* CustomersVM.swift */; };
		CE35BCC024284022005A5BAF /* CustomerListTVC.swift in Sources */ = {isa = PBXBuildFile; fileRef = CE35BCBF24284022005A5BAF /* CustomerListTVC.swift */; };
		CE35BCC22428444D005A5BAF /* AddCustomerVC.swift in Sources */ = {isa = PBXBuildFile; fileRef = CE35BCC12428444D005A5BAF /* AddCustomerVC.swift */; };
		CE4139B0242D5AA600BE2096 /* Tool+Extension.swift in Sources */ = {isa = PBXBuildFile; fileRef = CE4139AF242D5AA600BE2096 /* Tool+Extension.swift */; };
		CEC02338242572760059023A /* UIViewController.swift in Sources */ = {isa = PBXBuildFile; fileRef = CEC02337242572760059023A /* UIViewController.swift */; };
		CEC0233A242572AB0059023A /* UIView.swift in Sources */ = {isa = PBXBuildFile; fileRef = CEC02339242572AB0059023A /* UIView.swift */; };
		CEC0233C242572D90059023A /* UIColor.swift in Sources */ = {isa = PBXBuildFile; fileRef = CEC0233B242572D90059023A /* UIColor.swift */; };
		CEC0233F24257A360059023A /* Users.plist in Resources */ = {isa = PBXBuildFile; fileRef = CEC0233E24257A360059023A /* Users.plist */; };
		CECD2C8A242DA05E008CC177 /* AboutUsVC.swift in Sources */ = {isa = PBXBuildFile; fileRef = CECD2C89242DA05E008CC177 /* AboutUsVC.swift */; };
		CECD2C8C242DA0EC008CC177 /* Aboutus.html in Resources */ = {isa = PBXBuildFile; fileRef = CECD2C8B242DA0EC008CC177 /* Aboutus.html */; };
		CECD2C8E242DA72D008CC177 /* ContacttusVC.swift in Sources */ = {isa = PBXBuildFile; fileRef = CECD2C8D242DA72D008CC177 /* ContacttusVC.swift */; };
		CECD2C90242DAF07008CC177 /* SignUpVC.swift in Sources */ = {isa = PBXBuildFile; fileRef = CECD2C8F242DAF07008CC177 /* SignUpVC.swift */; };
		CECDBF52242878E300FA384F /* Assets.xcassets in Resources */ = {isa = PBXBuildFile; fileRef = CECDBF51242878E300FA384F /* Assets.xcassets */; };
		CECDBF54242879E100FA384F /* CustomerDetailVC.swift in Sources */ = {isa = PBXBuildFile; fileRef = CECDBF53242879E100FA384F /* CustomerDetailVC.swift */; };
		CECDBF5624287AD900FA384F /* CustomerDetailTVC.swift in Sources */ = {isa = PBXBuildFile; fileRef = CECDBF5524287AD900FA384F /* CustomerDetailTVC.swift */; };
		CED68FD1242AA7690011F736 /* Owners.json in Resources */ = {isa = PBXBuildFile; fileRef = CED68FD0242AA7690011F736 /* Owners.json */; };
		CED69039242B2B180011F736 /* Driver.json in Resources */ = {isa = PBXBuildFile; fileRef = CED69038242B2B180011F736 /* Driver.json */; };
		CEEC78D42416F12A00757554 /* AppDelegate.swift in Sources */ = {isa = PBXBuildFile; fileRef = CEEC78D32416F12A00757554 /* AppDelegate.swift */; };
		CEEC78D62416F12A00757554 /* SceneDelegate.swift in Sources */ = {isa = PBXBuildFile; fileRef = CEEC78D52416F12A00757554 /* SceneDelegate.swift */; };
		CEEC78D82416F12A00757554 /* LoginVC.swift in Sources */ = {isa = PBXBuildFile; fileRef = CEEC78D72416F12A00757554 /* LoginVC.swift */; };
		CEEC78DB2416F12A00757554 /* Welcome.storyboard in Resources */ = {isa = PBXBuildFile; fileRef = CEEC78D92416F12A00757554 /* Welcome.storyboard */; };
		CEEC78E02416F12D00757554 /* LaunchScreen.storyboard in Resources */ = {isa = PBXBuildFile; fileRef = CEEC78DE2416F12D00757554 /* LaunchScreen.storyboard */; };
/* End PBXBuildFile section */

/* Begin PBXFileReference section */
		9BE8C60A2416F58600D0A237 /* Person.swift */ = {isa = PBXFileReference; lastKnownFileType = sourcecode.swift; path = Person.swift; sourceTree = "<group>"; };
		9BE8C60C2416F5D000D0A237 /* Customer.swift */ = {isa = PBXFileReference; lastKnownFileType = sourcecode.swift; path = Customer.swift; sourceTree = "<group>"; };
		9BE8C60E2416F61000D0A237 /* Driver.swift */ = {isa = PBXFileReference; lastKnownFileType = sourcecode.swift; path = Driver.swift; sourceTree = "<group>"; };
		9BE8C6102416F67A00D0A237 /* Owner.swift */ = {isa = PBXFileReference; lastKnownFileType = sourcecode.swift; path = Owner.swift; sourceTree = "<group>"; };
		9BE8C6352416F71200D0A237 /* Vehicle.swift */ = {isa = PBXFileReference; lastKnownFileType = sourcecode.swift; path = Vehicle.swift; sourceTree = "<group>"; };
		9BE8C6372416F75700D0A237 /* Car.swift */ = {isa = PBXFileReference; lastKnownFileType = sourcecode.swift; path = Car.swift; sourceTree = "<group>"; };
		9BE8C6392416F89F00D0A237 /* MotoCycle.swift */ = {isa = PBXFileReference; lastKnownFileType = sourcecode.swift; path = MotoCycle.swift; sourceTree = "<group>"; };
		9BE8C63D2417034500D0A237 /* VehicleType.swift */ = {isa = PBXFileReference; lastKnownFileType = sourcecode.swift; path = VehicleType.swift; sourceTree = "<group>"; };
		9BE8C640241703CA00D0A237 /* VehicleRent.swift */ = {isa = PBXFileReference; lastKnownFileType = sourcecode.swift; path = VehicleRent.swift; sourceTree = "<group>"; };
		9BE8C6432417046B00D0A237 /* IDisplay.swift */ = {isa = PBXFileReference; lastKnownFileType = sourcecode.swift; path = IDisplay.swift; sourceTree = "<group>"; };
		9BE8C645241704B700D0A237 /* DataSource.swift */ = {isa = PBXFileReference; lastKnownFileType = sourcecode.swift; path = DataSource.swift; sourceTree = "<group>"; };
		9BE8C6482417060300D0A237 /* BaseCustomerM.swift */ = {isa = PBXFileReference; lastKnownFileType = sourcecode.swift; path = BaseCustomerM.swift; sourceTree = "<group>"; };
		9BE8C64A2417061600D0A237 /* PersonM.swift */ = {isa = PBXFileReference; lastKnownFileType = sourcecode.swift; path = PersonM.swift; sourceTree = "<group>"; };
		9BE8C64C2417064800D0A237 /* VehicleM.swift */ = {isa = PBXFileReference; lastKnownFileType = sourcecode.swift; path = VehicleM.swift; sourceTree = "<group>"; };
		9BE8C64E2417067F00D0A237 /* VehicleRentM.swift */ = {isa = PBXFileReference; lastKnownFileType = sourcecode.swift; path = VehicleRentM.swift; sourceTree = "<group>"; };
		9BE8C653241706CB00D0A237 /* CustomerErrors.swift */ = {isa = PBXFileReference; lastKnownFileType = sourcecode.swift; path = CustomerErrors.swift; sourceTree = "<group>"; };
		9BE8C6562417076700D0A237 /* Date+Extension.swift */ = {isa = PBXFileReference; lastKnownFileType = sourcecode.swift; path = "Date+Extension.swift"; sourceTree = "<group>"; };
		9BE8C6582417079A00D0A237 /* Int+Extension.swift */ = {isa = PBXFileReference; lastKnownFileType = sourcecode.swift; path = "Int+Extension.swift"; sourceTree = "<group>"; };
		9BE8C65A2417080900D0A237 /* String+Extension.swift */ = {isa = PBXFileReference; lastKnownFileType = sourcecode.swift; path = "String+Extension.swift"; sourceTree = "<group>"; };
		CA15591C2423E94B0049C171 /* Bus.swift */ = {isa = PBXFileReference; lastKnownFileType = sourcecode.swift; path = Bus.swift; sourceTree = "<group>"; };
		CE19E3C3242C4306001AB04B /* VehiclelistVC.swift */ = {isa = PBXFileReference; lastKnownFileType = sourcecode.swift; path = VehiclelistVC.swift; sourceTree = "<group>"; };
		CE19E3C5242C4A52001AB04B /* AddVehicleVC.swift */ = {isa = PBXFileReference; lastKnownFileType = sourcecode.swift; path = AddVehicleVC.swift; sourceTree = "<group>"; };
		CE19E3C7242C4B11001AB04B /* VehicleListTVC.swift */ = {isa = PBXFileReference; lastKnownFileType = sourcecode.swift; path = VehicleListTVC.swift; sourceTree = "<group>"; };
		CE357348242582FD00025729 /* SignUp.swift */ = {isa = PBXFileReference; lastKnownFileType = sourcecode.swift; path = SignUp.swift; sourceTree = "<group>"; };
		CE35734A242583B400025729 /* Home.storyboard */ = {isa = PBXFileReference; lastKnownFileType = file.storyboard; path = Home.storyboard; sourceTree = "<group>"; };
		CE35734C2425845B00025729 /* HomeViewController.swift */ = {isa = PBXFileReference; lastKnownFileType = sourcecode.swift; path = HomeViewController.swift; sourceTree = "<group>"; };
		CE35BCB724282F8E005A5BAF /* Customer.json */ = {isa = PBXFileReference; lastKnownFileType = text.json; path = Customer.json; sourceTree = "<group>"; };
		CE35BCB9242831C4005A5BAF /* CustomerListVC.swift */ = {isa = PBXFileReference; lastKnownFileType = sourcecode.swift; path = CustomerListVC.swift; sourceTree = "<group>"; };
		CE35BCBB2428372E005A5BAF /* Singelton.swift */ = {isa = PBXFileReference; lastKnownFileType = sourcecode.swift; path = Singelton.swift; sourceTree = "<group>"; };
		CE35BCBD24283C1C005A5BAF /* CustomersVM.swift */ = {isa = PBXFileReference; lastKnownFileType = sourcecode.swift; path = CustomersVM.swift; sourceTree = "<group>"; };
		CE35BCBF24284022005A5BAF /* CustomerListTVC.swift */ = {isa = PBXFileReference; lastKnownFileType = sourcecode.swift; path = CustomerListTVC.swift; sourceTree = "<group>"; };
		CE35BCC12428444D005A5BAF /* AddCustomerVC.swift */ = {isa = PBXFileReference; lastKnownFileType = sourcecode.swift; path = AddCustomerVC.swift; sourceTree = "<group>"; };
		CE4139AF242D5AA600BE2096 /* Tool+Extension.swift */ = {isa = PBXFileReference; lastKnownFileType = sourcecode.swift; path = "Tool+Extension.swift"; sourceTree = "<group>"; };
		CEC02337242572760059023A /* UIViewController.swift */ = {isa = PBXFileReference; lastKnownFileType = sourcecode.swift; path = UIViewController.swift; sourceTree = "<group>"; };
		CEC02339242572AB0059023A /* UIView.swift */ = {isa = PBXFileReference; lastKnownFileType = sourcecode.swift; path = UIView.swift; sourceTree = "<group>"; };
		CEC0233B242572D90059023A /* UIColor.swift */ = {isa = PBXFileReference; lastKnownFileType = sourcecode.swift; path = UIColor.swift; sourceTree = "<group>"; };
		CEC0233E24257A360059023A /* Users.plist */ = {isa = PBXFileReference; lastKnownFileType = text.plist.xml; path = Users.plist; sourceTree = "<group>"; };
		CECD2C89242DA05E008CC177 /* AboutUsVC.swift */ = {isa = PBXFileReference; lastKnownFileType = sourcecode.swift; path = AboutUsVC.swift; sourceTree = "<group>"; };
		CECD2C8B242DA0EC008CC177 /* Aboutus.html */ = {isa = PBXFileReference; lastKnownFileType = text.html; path = Aboutus.html; sourceTree = "<group>"; };
		CECD2C8D242DA72D008CC177 /* ContacttusVC.swift */ = {isa = PBXFileReference; lastKnownFileType = sourcecode.swift; path = ContacttusVC.swift; sourceTree = "<group>"; };
		CECD2C8F242DAF07008CC177 /* SignUpVC.swift */ = {isa = PBXFileReference; lastKnownFileType = sourcecode.swift; path = SignUpVC.swift; sourceTree = "<group>"; };
		CECDBF51242878E300FA384F /* Assets.xcassets */ = {isa = PBXFileReference; lastKnownFileType = folder.assetcatalog; path = Assets.xcassets; sourceTree = "<group>"; };
		CECDBF53242879E100FA384F /* CustomerDetailVC.swift */ = {isa = PBXFileReference; lastKnownFileType = sourcecode.swift; path = CustomerDetailVC.swift; sourceTree = "<group>"; };
		CECDBF5524287AD900FA384F /* CustomerDetailTVC.swift */ = {isa = PBXFileReference; lastKnownFileType = sourcecode.swift; path = CustomerDetailTVC.swift; sourceTree = "<group>"; };
		CED68FD0242AA7690011F736 /* Owners.json */ = {isa = PBXFileReference; lastKnownFileType = text.json; path = Owners.json; sourceTree = "<group>"; };
		CED69038242B2B180011F736 /* Driver.json */ = {isa = PBXFileReference; lastKnownFileType = text.json; path = Driver.json; sourceTree = "<group>"; };
		CEEC78D02416F12A00757554 /* Group7_W2020_MAD3115_FP.app */ = {isa = PBXFileReference; explicitFileType = wrapper.application; includeInIndex = 0; path = Group7_W2020_MAD3115_FP.app; sourceTree = BUILT_PRODUCTS_DIR; };
		CEEC78D32416F12A00757554 /* AppDelegate.swift */ = {isa = PBXFileReference; lastKnownFileType = sourcecode.swift; path = AppDelegate.swift; sourceTree = "<group>"; };
		CEEC78D52416F12A00757554 /* SceneDelegate.swift */ = {isa = PBXFileReference; lastKnownFileType = sourcecode.swift; path = SceneDelegate.swift; sourceTree = "<group>"; };
		CEEC78D72416F12A00757554 /* LoginVC.swift */ = {isa = PBXFileReference; lastKnownFileType = sourcecode.swift; path = LoginVC.swift; sourceTree = "<group>"; };
		CEEC78DA2416F12A00757554 /* Base */ = {isa = PBXFileReference; lastKnownFileType = file.storyboard; name = Base; path = Base.lproj/Welcome.storyboard; sourceTree = "<group>"; };
		CEEC78DF2416F12D00757554 /* Base */ = {isa = PBXFileReference; lastKnownFileType = file.storyboard; name = Base; path = Base.lproj/LaunchScreen.storyboard; sourceTree = "<group>"; };
		CEEC78E12416F12D00757554 /* Info.plist */ = {isa = PBXFileReference; lastKnownFileType = text.plist.xml; path = Info.plist; sourceTree = "<group>"; };
/* End PBXFileReference section */

/* Begin PBXFrameworksBuildPhase section */
		CEEC78CD2416F12A00757554 /* Frameworks */ = {
			isa = PBXFrameworksBuildPhase;
			buildActionMask = 2147483647;
			files = (
			);
			runOnlyForDeploymentPostprocessing = 0;
		};
/* End PBXFrameworksBuildPhase section */

/* Begin PBXGroup section */
		9BE8C6092416F50E00D0A237 /* Person */ = {
			isa = PBXGroup;
			children = (
				9BE8C60A2416F58600D0A237 /* Person.swift */,
				9BE8C60C2416F5D000D0A237 /* Customer.swift */,
				9BE8C60E2416F61000D0A237 /* Driver.swift */,
				9BE8C6102416F67A00D0A237 /* Owner.swift */,
			);
			path = Person;
			sourceTree = "<group>";
		};
		9BE8C6122416F6A300D0A237 /* Vehicle */ = {
			isa = PBXGroup;
			children = (
				9BE8C6352416F71200D0A237 /* Vehicle.swift */,
				9BE8C6372416F75700D0A237 /* Car.swift */,
				9BE8C6392416F89F00D0A237 /* MotoCycle.swift */,
				9BE8C63D2417034500D0A237 /* VehicleType.swift */,
				CA15591C2423E94B0049C171 /* Bus.swift */,
			);
			path = Vehicle;
			sourceTree = "<group>";
		};
		9BE8C63F2417037F00D0A237 /* Rent */ = {
			isa = PBXGroup;
			children = (
				9BE8C640241703CA00D0A237 /* VehicleRent.swift */,
			);
			path = Rent;
			sourceTree = "<group>";
		};
		9BE8C6422417042900D0A237 /* Utility */ = {
			isa = PBXGroup;
			children = (
				9BE8C6432417046B00D0A237 /* IDisplay.swift */,
				9BE8C645241704B700D0A237 /* DataSource.swift */,
				CE35BCBB2428372E005A5BAF /* Singelton.swift */,
			);
			path = Utility;
			sourceTree = "<group>";
		};
		9BE8C647241705CB00D0A237 /* Models */ = {
			isa = PBXGroup;
			children = (
				9BE8C6482417060300D0A237 /* BaseCustomerM.swift */,
				9BE8C64A2417061600D0A237 /* PersonM.swift */,
				9BE8C64C2417064800D0A237 /* VehicleM.swift */,
				9BE8C64E2417067F00D0A237 /* VehicleRentM.swift */,
			);
			path = Models;
			sourceTree = "<group>";
		};
		9BE8C652241706A800D0A237 /* Error */ = {
			isa = PBXGroup;
			children = (
				9BE8C653241706CB00D0A237 /* CustomerErrors.swift */,
			);
			path = Error;
			sourceTree = "<group>";
		};
		9BE8C6552417070D00D0A237 /* Extensions */ = {
			isa = PBXGroup;
			children = (
				9BE8C6562417076700D0A237 /* Date+Extension.swift */,
				9BE8C6582417079A00D0A237 /* Int+Extension.swift */,
				9BE8C65A2417080900D0A237 /* String+Extension.swift */,
				CEC02337242572760059023A /* UIViewController.swift */,
				CEC02339242572AB0059023A /* UIView.swift */,
				CEC0233B242572D90059023A /* UIColor.swift */,
				CE4139AF242D5AA600BE2096 /* Tool+Extension.swift */,
			);
			path = Extensions;
			sourceTree = "<group>";
		};
		CEC0233D24257A1D0059023A /* Sources */ = {
			isa = PBXGroup;
			children = (
				CEC0233E24257A360059023A /* Users.plist */,
				CE35BCB724282F8E005A5BAF /* Customer.json */,
				CED68FD0242AA7690011F736 /* Owners.json */,
				CED69038242B2B180011F736 /* Driver.json */,
				CECD2C8B242DA0EC008CC177 /* Aboutus.html */,
			);
			path = Sources;
			sourceTree = "<group>";
		};
		CEEC78C72416F12A00757554 = {
			isa = PBXGroup;
			children = (
				CEEC78D22416F12A00757554 /* Group7_W2020_MAD3115_FP */,
				CEEC78D12416F12A00757554 /* Products */,
			);
			sourceTree = "<group>";
		};
		CEEC78D12416F12A00757554 /* Products */ = {
			isa = PBXGroup;
			children = (
				CEEC78D02416F12A00757554 /* Group7_W2020_MAD3115_FP.app */,
			);
			name = Products;
			sourceTree = "<group>";
		};
		CEEC78D22416F12A00757554 /* Group7_W2020_MAD3115_FP */ = {
			isa = PBXGroup;
			children = (
				CEC0233D24257A1D0059023A /* Sources */,
				9BE8C6552417070D00D0A237 /* Extensions */,
				9BE8C652241706A800D0A237 /* Error */,
				9BE8C647241705CB00D0A237 /* Models */,
				9BE8C6422417042900D0A237 /* Utility */,
				9BE8C63F2417037F00D0A237 /* Rent */,
				9BE8C6122416F6A300D0A237 /* Vehicle */,
				9BE8C6092416F50E00D0A237 /* Person */,
				CEEC78E82416F1DE00757554 /* Images */,
				CEEC78E72416F19C00757554 /* ViewController */,
				CEEC78E12416F12D00757554 /* Info.plist */,
			);
			path = Group7_W2020_MAD3115_FP;
			sourceTree = "<group>";
		};
		CEEC78E72416F19C00757554 /* ViewController */ = {
			isa = PBXGroup;
			children = (
				CEEC78D32416F12A00757554 /* AppDelegate.swift */,
				CEEC78DE2416F12D00757554 /* LaunchScreen.storyboard */,
				CEEC78D92416F12A00757554 /* Welcome.storyboard */,
				CEEC78D72416F12A00757554 /* LoginVC.swift */,
				CEEC78D52416F12A00757554 /* SceneDelegate.swift */,
				CE357348242582FD00025729 /* SignUp.swift */,
				CE35734A242583B400025729 /* Home.storyboard */,
				CE35734C2425845B00025729 /* HomeViewController.swift */,
				CE35BCB9242831C4005A5BAF /* CustomerListVC.swift */,
				CE35BCBD24283C1C005A5BAF /* CustomersVM.swift */,
				CE35BCBF24284022005A5BAF /* CustomerListTVC.swift */,
				CE35BCC12428444D005A5BAF /* AddCustomerVC.swift */,
				CECDBF53242879E100FA384F /* CustomerDetailVC.swift */,
				CECDBF5524287AD900FA384F /* CustomerDetailTVC.swift */,
				CE19E3C3242C4306001AB04B /* VehiclelistVC.swift */,
				CE19E3C5242C4A52001AB04B /* AddVehicleVC.swift */,
				CE19E3C7242C4B11001AB04B /* VehicleListTVC.swift */,
				CECD2C89242DA05E008CC177 /* AboutUsVC.swift */,
				CECD2C8D242DA72D008CC177 /* ContacttusVC.swift */,
				CECD2C8F242DAF07008CC177 /* SignUpVC.swift */,
			);
			path = ViewController;
			sourceTree = "<group>";
		};
		CEEC78E82416F1DE00757554 /* Images */ = {
			isa = PBXGroup;
			children = (
				CECDBF51242878E300FA384F /* Assets.xcassets */,
			);
			name = Images;
			sourceTree = "<group>";
		};
/* End PBXGroup section */

/* Begin PBXNativeTarget section */
		CEEC78CF2416F12A00757554 /* Group7_W2020_MAD3115_FP */ = {
			isa = PBXNativeTarget;
			buildConfigurationList = CEEC78E42416F12D00757554 /* Build configuration list for PBXNativeTarget "Group7_W2020_MAD3115_FP" */;
			buildPhases = (
				CEEC78CC2416F12A00757554 /* Sources */,
				CEEC78CD2416F12A00757554 /* Frameworks */,
				CEEC78CE2416F12A00757554 /* Resources */,
			);
			buildRules = (
			);
			dependencies = (
			);
			name = Group7_W2020_MAD3115_FP;
			productName = Group7_W2020_MAD3115_FP;
			productReference = CEEC78D02416F12A00757554 /* Group7_W2020_MAD3115_FP.app */;
			productType = "com.apple.product-type.application";
		};
/* End PBXNativeTarget section */

/* Begin PBXProject section */
		CEEC78C82416F12A00757554 /* Project object */ = {
			isa = PBXProject;
			attributes = {
				LastSwiftUpdateCheck = 1130;
				LastUpgradeCheck = 1130;
				ORGANIZATIONNAME = "S@i";
				TargetAttributes = {
					CEEC78CF2416F12A00757554 = {
						CreatedOnToolsVersion = 11.3.1;
					};
				};
			};
			buildConfigurationList = CEEC78CB2416F12A00757554 /* Build configuration list for PBXProject "Group7_W2020_MAD3115_FP" */;
			compatibilityVersion = "Xcode 9.3";
			developmentRegion = en;
			hasScannedForEncodings = 0;
			knownRegions = (
				en,
				Base,
			);
			mainGroup = CEEC78C72416F12A00757554;
			productRefGroup = CEEC78D12416F12A00757554 /* Products */;
			projectDirPath = "";
			projectRoot = "";
			targets = (
				CEEC78CF2416F12A00757554 /* Group7_W2020_MAD3115_FP */,
			);
		};
/* End PBXProject section */

/* Begin PBXResourcesBuildPhase section */
		CEEC78CE2416F12A00757554 /* Resources */ = {
			isa = PBXResourcesBuildPhase;
			buildActionMask = 2147483647;
			files = (
				CEEC78E02416F12D00757554 /* LaunchScreen.storyboard in Resources */,
				CE35BCB824282F8E005A5BAF /* Customer.json in Resources */,
				CED68FD1242AA7690011F736 /* Owners.json in Resources */,
				CECD2C8C242DA0EC008CC177 /* Aboutus.html in Resources */,
				CE35734B242583B400025729 /* Home.storyboard in Resources */,
				CEEC78DB2416F12A00757554 /* Welcome.storyboard in Resources */,
				CECDBF52242878E300FA384F /* Assets.xcassets in Resources */,
				CEC0233F24257A360059023A /* Users.plist in Resources */,
				CED69039242B2B180011F736 /* Driver.json in Resources */,
			);
			runOnlyForDeploymentPostprocessing = 0;
		};
/* End PBXResourcesBuildPhase section */

/* Begin PBXSourcesBuildPhase section */
		CEEC78CC2416F12A00757554 /* Sources */ = {
			isa = PBXSourcesBuildPhase;
			buildActionMask = 2147483647;
			files = (
				9BE8C654241706CB00D0A237 /* CustomerErrors.swift in Sources */,
				9BE8C64D2417064800D0A237 /* VehicleM.swift in Sources */,
				9BE8C64F2417067F00D0A237 /* VehicleRentM.swift in Sources */,
				9BE8C6592417079A00D0A237 /* Int+Extension.swift in Sources */,
				9BE8C646241704B700D0A237 /* DataSource.swift in Sources */,
				9BE8C6362416F71200D0A237 /* Vehicle.swift in Sources */,
				CE35BCBE24283C1C005A5BAF /* CustomersVM.swift in Sources */,
				9BE8C6572417076700D0A237 /* Date+Extension.swift in Sources */,
				9BE8C63A2416F89F00D0A237 /* MotoCycle.swift in Sources */,
				9BE8C6492417060300D0A237 /* BaseCustomerM.swift in Sources */,
				CEC0233C242572D90059023A /* UIColor.swift in Sources */,
				CE35BCC024284022005A5BAF /* CustomerListTVC.swift in Sources */,
				CEEC78D82416F12A00757554 /* LoginVC.swift in Sources */,
				CE35BCBA242831C4005A5BAF /* CustomerListVC.swift in Sources */,
				CECD2C8A242DA05E008CC177 /* AboutUsVC.swift in Sources */,
				9BE8C60D2416F5D000D0A237 /* Customer.swift in Sources */,
				9BE8C6112416F67A00D0A237 /* Owner.swift in Sources */,
				9BE8C65B2417080900D0A237 /* String+Extension.swift in Sources */,
				CE35BCC22428444D005A5BAF /* AddCustomerVC.swift in Sources */,
				CECD2C8E242DA72D008CC177 /* ContacttusVC.swift in Sources */,
				CECDBF5624287AD900FA384F /* CustomerDetailTVC.swift in Sources */,
				CE19E3C4242C4306001AB04B /* VehiclelistVC.swift in Sources */,
				CE4139B0242D5AA600BE2096 /* Tool+Extension.swift in Sources */,
				9BE8C641241703CA00D0A237 /* VehicleRent.swift in Sources */,
				CEC02338242572760059023A /* UIViewController.swift in Sources */,
				CEEC78D42416F12A00757554 /* AppDelegate.swift in Sources */,
				9BE8C6442417046B00D0A237 /* IDisplay.swift in Sources */,
				9BE8C6382416F75700D0A237 /* Car.swift in Sources */,
				CECD2C90242DAF07008CC177 /* SignUpVC.swift in Sources */,
				CE35734D2425845B00025729 /* HomeViewController.swift in Sources */,
				9BE8C60F2416F61000D0A237 /* Driver.swift in Sources */,
				9BE8C64B2417061600D0A237 /* PersonM.swift in Sources */,
				CE19E3C8242C4B11001AB04B /* VehicleListTVC.swift in Sources */,
				CEC0233A242572AB0059023A /* UIView.swift in Sources */,
				9BE8C60B2416F58600D0A237 /* Person.swift in Sources */,
				CE19E3C6242C4A52001AB04B /* AddVehicleVC.swift in Sources */,
				CE35BCBC2428372E005A5BAF /* Singelton.swift in Sources */,
				CA15591D2423E94B0049C171 /* Bus.swift in Sources */,
				9BE8C63E2417034500D0A237 /* VehicleType.swift in Sources */,
				CECDBF54242879E100FA384F /* CustomerDetailVC.swift in Sources */,
				CE357349242582FD00025729 /* SignUp.swift in Sources */,
				CEEC78D62416F12A00757554 /* SceneDelegate.swift in Sources */,
			);
			runOnlyForDeploymentPostprocessing = 0;
		};
/* End PBXSourcesBuildPhase section */

/* Begin PBXVariantGroup section */
		CEEC78D92416F12A00757554 /* Welcome.storyboard */ = {
			isa = PBXVariantGroup;
			children = (
				CEEC78DA2416F12A00757554 /* Base */,
			);
			name = Welcome.storyboard;
			sourceTree = "<group>";
		};
		CEEC78DE2416F12D00757554 /* LaunchScreen.storyboard */ = {
			isa = PBXVariantGroup;
			children = (
				CEEC78DF2416F12D00757554 /* Base */,
			);
			name = LaunchScreen.storyboard;
			sourceTree = "<group>";
		};
/* End PBXVariantGroup section */

/* Begin XCBuildConfiguration section */
		CEEC78E22416F12D00757554 /* Debug */ = {
			isa = XCBuildConfiguration;
			buildSettings = {
				ALWAYS_SEARCH_USER_PATHS = NO;
				CLANG_ANALYZER_NONNULL = YES;
				CLANG_ANALYZER_NUMBER_OBJECT_CONVERSION = YES_AGGRESSIVE;
				CLANG_CXX_LANGUAGE_STANDARD = "gnu++14";
				CLANG_CXX_LIBRARY = "libc++";
				CLANG_ENABLE_MODULES = YES;
				CLANG_ENABLE_OBJC_ARC = YES;
				CLANG_ENABLE_OBJC_WEAK = YES;
				CLANG_WARN_BLOCK_CAPTURE_AUTORELEASING = YES;
				CLANG_WARN_BOOL_CONVERSION = YES;
				CLANG_WARN_COMMA = YES;
				CLANG_WARN_CONSTANT_CONVERSION = YES;
				CLANG_WARN_DEPRECATED_OBJC_IMPLEMENTATIONS = YES;
				CLANG_WARN_DIRECT_OBJC_ISA_USAGE = YES_ERROR;
				CLANG_WARN_DOCUMENTATION_COMMENTS = YES;
				CLANG_WARN_EMPTY_BODY = YES;
				CLANG_WARN_ENUM_CONVERSION = YES;
				CLANG_WARN_INFINITE_RECURSION = YES;
				CLANG_WARN_INT_CONVERSION = YES;
				CLANG_WARN_NON_LITERAL_NULL_CONVERSION = YES;
				CLANG_WARN_OBJC_IMPLICIT_RETAIN_SELF = YES;
				CLANG_WARN_OBJC_LITERAL_CONVERSION = YES;
				CLANG_WARN_OBJC_ROOT_CLASS = YES_ERROR;
				CLANG_WARN_RANGE_LOOP_ANALYSIS = YES;
				CLANG_WARN_STRICT_PROTOTYPES = YES;
				CLANG_WARN_SUSPICIOUS_MOVE = YES;
				CLANG_WARN_UNGUARDED_AVAILABILITY = YES_AGGRESSIVE;
				CLANG_WARN_UNREACHABLE_CODE = YES;
				CLANG_WARN__DUPLICATE_METHOD_MATCH = YES;
				COPY_PHASE_STRIP = NO;
				DEBUG_INFORMATION_FORMAT = dwarf;
				ENABLE_STRICT_OBJC_MSGSEND = YES;
				ENABLE_TESTABILITY = YES;
				GCC_C_LANGUAGE_STANDARD = gnu11;
				GCC_DYNAMIC_NO_PIC = NO;
				GCC_NO_COMMON_BLOCKS = YES;
				GCC_OPTIMIZATION_LEVEL = 0;
				GCC_PREPROCESSOR_DEFINITIONS = (
					"DEBUG=1",
					"$(inherited)",
				);
				GCC_WARN_64_TO_32_BIT_CONVERSION = YES;
				GCC_WARN_ABOUT_RETURN_TYPE = YES_ERROR;
				GCC_WARN_UNDECLARED_SELECTOR = YES;
				GCC_WARN_UNINITIALIZED_AUTOS = YES_AGGRESSIVE;
				GCC_WARN_UNUSED_FUNCTION = YES;
				GCC_WARN_UNUSED_VARIABLE = YES;
				IPHONEOS_DEPLOYMENT_TARGET = 13.2;
				MTL_ENABLE_DEBUG_INFO = INCLUDE_SOURCE;
				MTL_FAST_MATH = YES;
				ONLY_ACTIVE_ARCH = YES;
				SDKROOT = iphoneos;
				SWIFT_ACTIVE_COMPILATION_CONDITIONS = DEBUG;
				SWIFT_OPTIMIZATION_LEVEL = "-Onone";
			};
			name = Debug;
		};
		CEEC78E32416F12D00757554 /* Release */ = {
			isa = XCBuildConfiguration;
			buildSettings = {
				ALWAYS_SEARCH_USER_PATHS = NO;
				CLANG_ANALYZER_NONNULL = YES;
				CLANG_ANALYZER_NUMBER_OBJECT_CONVERSION = YES_AGGRESSIVE;
				CLANG_CXX_LANGUAGE_STANDARD = "gnu++14";
				CLANG_CXX_LIBRARY = "libc++";
				CLANG_ENABLE_MODULES = YES;
				CLANG_ENABLE_OBJC_ARC = YES;
				CLANG_ENABLE_OBJC_WEAK = YES;
				CLANG_WARN_BLOCK_CAPTURE_AUTORELEASING = YES;
				CLANG_WARN_BOOL_CONVERSION = YES;
				CLANG_WARN_COMMA = YES;
				CLANG_WARN_CONSTANT_CONVERSION = YES;
				CLANG_WARN_DEPRECATED_OBJC_IMPLEMENTATIONS = YES;
				CLANG_WARN_DIRECT_OBJC_ISA_USAGE = YES_ERROR;
				CLANG_WARN_DOCUMENTATION_COMMENTS = YES;
				CLANG_WARN_EMPTY_BODY = YES;
				CLANG_WARN_ENUM_CONVERSION = YES;
				CLANG_WARN_INFINITE_RECURSION = YES;
				CLANG_WARN_INT_CONVERSION = YES;
				CLANG_WARN_NON_LITERAL_NULL_CONVERSION = YES;
				CLANG_WARN_OBJC_IMPLICIT_RETAIN_SELF = YES;
				CLANG_WARN_OBJC_LITERAL_CONVERSION = YES;
				CLANG_WARN_OBJC_ROOT_CLASS = YES_ERROR;
				CLANG_WARN_RANGE_LOOP_ANALYSIS = YES;
				CLANG_WARN_STRICT_PROTOTYPES = YES;
				CLANG_WARN_SUSPICIOUS_MOVE = YES;
				CLANG_WARN_UNGUARDED_AVAILABILITY = YES_AGGRESSIVE;
				CLANG_WARN_UNREACHABLE_CODE = YES;
				CLANG_WARN__DUPLICATE_METHOD_MATCH = YES;
				COPY_PHASE_STRIP = NO;
				DEBUG_INFORMATION_FORMAT = "dwarf-with-dsym";
				ENABLE_NS_ASSERTIONS = NO;
				ENABLE_STRICT_OBJC_MSGSEND = YES;
				GCC_C_LANGUAGE_STANDARD = gnu11;
				GCC_NO_COMMON_BLOCKS = YES;
				GCC_WARN_64_TO_32_BIT_CONVERSION = YES;
				GCC_WARN_ABOUT_RETURN_TYPE = YES_ERROR;
				GCC_WARN_UNDECLARED_SELECTOR = YES;
				GCC_WARN_UNINITIALIZED_AUTOS = YES_AGGRESSIVE;
				GCC_WARN_UNUSED_FUNCTION = YES;
				GCC_WARN_UNUSED_VARIABLE = YES;
				IPHONEOS_DEPLOYMENT_TARGET = 13.2;
				MTL_ENABLE_DEBUG_INFO = NO;
				MTL_FAST_MATH = YES;
				SDKROOT = iphoneos;
				SWIFT_COMPILATION_MODE = wholemodule;
				SWIFT_OPTIMIZATION_LEVEL = "-O";
				VALIDATE_PRODUCT = YES;
			};
			name = Release;
		};
		CEEC78E52416F12D00757554 /* Debug */ = {
			isa = XCBuildConfiguration;
			buildSettings = {
				ASSETCATALOG_COMPILER_APPICON_NAME = AppIcon;
				CODE_SIGN_STYLE = Automatic;
				DEVELOPMENT_TEAM = 6TKWNQ3PBX;
				INFOPLIST_FILE = Group7_W2020_MAD3115_FP/Info.plist;
				LD_RUNPATH_SEARCH_PATHS = (
					"$(inherited)",
					"@executable_path/Frameworks",
				);
				PRODUCT_BUNDLE_IDENTIFIER = "swift.Group7-W2020-MAD3115-FP";
				PRODUCT_NAME = "$(TARGET_NAME)";
				SWIFT_VERSION = 5.0;
				TARGETED_DEVICE_FAMILY = "1,2";
			};
			name = Debug;
		};
		CEEC78E62416F12D00757554 /* Release */ = {
			isa = XCBuildConfiguration;
			buildSettings = {
				ASSETCATALOG_COMPILER_APPICON_NAME = AppIcon;
				CODE_SIGN_STYLE = Automatic;
				DEVELOPMENT_TEAM = 6TKWNQ3PBX;
				INFOPLIST_FILE = Group7_W2020_MAD3115_FP/Info.plist;
				LD_RUNPATH_SEARCH_PATHS = (
					"$(inherited)",
					"@executable_path/Frameworks",
				);
				PRODUCT_BUNDLE_IDENTIFIER = "swift.Group7-W2020-MAD3115-FP";
				PRODUCT_NAME = "$(TARGET_NAME)";
				SWIFT_VERSION = 5.0;
				TARGETED_DEVICE_FAMILY = "1,2";
			};
			name = Release;
		};
/* End XCBuildConfiguration section */

/* Begin XCConfigurationList section */
		CEEC78CB2416F12A00757554 /* Build configuration list for PBXProject "Group7_W2020_MAD3115_FP" */ = {
			isa = XCConfigurationList;
			buildConfigurations = (
				CEEC78E22416F12D00757554 /* Debug */,
				CEEC78E32416F12D00757554 /* Release */,
			);
			defaultConfigurationIsVisible = 0;
			defaultConfigurationName = Release;
		};
		CEEC78E42416F12D00757554 /* Build configuration list for PBXNativeTarget "Group7_W2020_MAD3115_FP" */ = {
			isa = XCConfigurationList;
			buildConfigurations = (
				CEEC78E52416F12D00757554 /* Debug */,
				CEEC78E62416F12D00757554 /* Release */,
			);
			defaultConfigurationIsVisible = 0;
			defaultConfigurationName = Release;
		};
/* End XCConfigurationList section */
	};
	rootObject = CEEC78C82416F12A00757554 /* Project object */;
}
